
Microsoft Visual Studio Solution File, Format Version 12.00
# Visual Studio Version 17
VisualStudioVersion = 17.2.32616.157
MinimumVisualStudioVersion = 10.0.40219.1
Project("{FAE04EC0-301F-11D3-BF4B-00C04F79EFBC}") = "eSankAlumni", "eSankAlumni\eSankAlumni.csproj", "{79292CEE-FDD2-460E-81C7-F517F1186380}"
EndProject
Project("{FAE04EC0-301F-11D3-BF4B-00C04F79EFBC}") = "eSankAlumni.Data", "eSankAlumni.Data\eSankAlumni.Data.csproj", "{247F1D52-AD41-4253-BF0D-22DE127782EC}"
EndProject
Global
	GlobalSection(SolutionConfigurationPlatforms) = preSolution
		Debug|Any CPU = Debug|Any CPU
		Release|Any CPU = Release|Any CPU
	EndGlobalSection
	GlobalSection(ProjectConfigurationPlatforms) = postSolution
		{79292CEE-FDD2-460E-81C7-F517F1186380}.Debug|Any CPU.ActiveCfg = Debug|Any CPU
		{79292CEE-FDD2-460E-81C7-F517F1186380}.Debug|Any CPU.Build.0 = Debug|Any CPU
		{79292CEE-FDD2-460E-81C7-F517F1186380}.Release|Any CPU.ActiveCfg = Release|Any CPU
		{79292CEE-FDD2-460E-81C7-F517F1186380}.Release|Any CPU.Build.0 = Release|Any CPU
		{247F1D52-AD41-4253-BF0D-22DE127782EC}.Debug|Any CPU.ActiveCfg = Debug|Any CPU
		{247F1D52-AD41-4253-BF0D-22DE127782EC}.Debug|Any CPU.Build.0 = Debug|Any CPU
		{247F1D52-AD41-4253-BF0D-22DE127782EC}.Release|Any CPU.ActiveCfg = Release|Any CPU
		{247F1D52-AD41-4253-BF0D-22DE127782EC}.Release|Any CPU.Build.0 = Release|Any CPU
	EndGlobalSection
	GlobalSection(SolutionProperties) = preSolution
		HideSolutionNode = FALSE
	EndGlobalSection
	GlobalSection(ExtensibilityGlobals) = postSolution
		SolutionGuid = {3B2B6F56-84AE-4B59-AE98-AC2274DE5A8F}
	EndGlobalSection
EndGlobal
